Microsoft Visual Studio Solution File, Format Version 12.00
# Visual Studio Version 17
VisualStudioVersion = 17.5.2.0
MinimumVisualStudioVersion = 10.0.40219.1
Project("{FAE04EC0-301F-11D3-BF4B-00C04F79EFBC}") = "pokemon-pc-asp", "pokemon-pc-asp.csproj", "{A0B0BF4B-86DA-82E2-5FAA-685FB13E1419}"
EndProject
Global
	GlobalSection(SolutionConfigurationPlatforms) = preSolution
		Debug|Any CPU = Debug|Any CPU
		Release|Any CPU = Release|Any CPU
	EndGlobalSection
	GlobalSection(ProjectConfigurationPlatforms) = postSolution
		{A0B0BF4B-86DA-82E2-5FAA-685FB13E1419}.Debug|Any CPU.ActiveCfg = Debug|Any CPU
		{A0B0BF4B-86DA-82E2-5FAA-685FB13E1419}.Debug|Any CPU.Build.0 = Debug|Any CPU
		{A0B0BF4B-86DA-82E2-5FAA-685FB13E1419}.Release|Any CPU.ActiveCfg = Release|Any CPU
		{A0B0BF4B-86DA-82E2-5FAA-685FB13E1419}.Release|Any CPU.Build.0 = Release|Any CPU
		{60723B63-F44E-4755-B677-0C6C7131BC75}.Debug|Any CPU.ActiveCfg = Debug|Any CPU
		{60723B63-F44E-4755-B677-0C6C7131BC75}.Debug|Any CPU.Build.0 = Debug|Any CPU
		{60723B63-F44E-4755-B677-0C6C7131BC75}.Release|Any CPU.ActiveCfg = Release|Any CPU
		{60723B63-F44E-4755-B677-0C6C7131BC75}.Release|Any CPU.Build.0 = Release|Any CPU
	EndGlobalSection
	GlobalSection(SolutionProperties) = preSolution
		HideSolutionNode = FALSE
	EndGlobalSection
	GlobalSection(ExtensibilityGlobals) = postSolution
		SolutionGuid = {0B17388B-D086-4956-B105-5EE397EA7016}
	EndGlobalSection
EndGlobal
